
Microsoft Visual Studio Solution File, Format Version 12.00
# Visual Studio 2013
VisualStudioVersion = 12.0.40629.0
MinimumVisualStudioVersion = 10.0.40219.1
Project("{FAE04EC0-301F-11D3-BF4B-00C04F79EFBC}") = "TieuLuan", "TieuLuan\TieuLuan.csproj", "{65BA9033-960A-4866-AE91-A81ABBF6BF34}"
EndProject
Project("{FAE04EC0-301F-11D3-BF4B-00C04F79EFBC}") = "TieuLuan.Tests", "TieuLuan.Tests\TieuLuan.Tests.csproj", "{A22D0DB9-9593-40BD-BF91-DC4C44991EFD}"
EndProject
Global
	GlobalSection(SolutionConfigurationPlatforms) = preSolution
		Debug|Any CPU = Debug|Any CPU
		Release|Any CPU = Release|Any CPU
	EndGlobalSection
	GlobalSection(ProjectConfigurationPlatforms) = postSolution
		{65BA9033-960A-4866-AE91-A81ABBF6BF34}.Debug|Any CPU.ActiveCfg = Debug|Any CPU
		{65BA9033-960A-4866-AE91-A81ABBF6BF34}.Debug|Any CPU.Build.0 = Debug|Any CPU
		{65BA9033-960A-4866-AE91-A81ABBF6BF34}.Release|Any CPU.ActiveCfg = Release|Any CPU
		{65BA9033-960A-4866-AE91-A81ABBF6BF34}.Release|Any CPU.Build.0 = Release|Any CPU
		{A22D0DB9-9593-40BD-BF91-DC4C44991EFD}.Debug|Any CPU.ActiveCfg = Debug|Any CPU
		{A22D0DB9-9593-40BD-BF91-DC4C44991EFD}.Debug|Any CPU.Build.0 = Debug|Any CPU
		{A22D0DB9-9593-40BD-BF91-DC4C44991EFD}.Release|Any CPU.ActiveCfg = Release|Any CPU
		{A22D0DB9-9593-40BD-BF91-DC4C44991EFD}.Release|Any CPU.Build.0 = Release|Any CPU
	EndGlobalSection
	GlobalSection(SolutionProperties) = preSolution
		HideSolutionNode = FALSE
	EndGlobalSection
EndGlobal
